
Microsoft Visual Studio Solution File, Format Version 12.00
# Visual Studio 14
VisualStudioVersion = 14.0.25420.1
MinimumVisualStudioVersion = 10.0.40219.1
Project("{FAE04EC0-301F-11D3-BF4B-00C04F79EFBC}") = "MiniTorrentService", "MiniTorrentService\MiniTorrentService.csproj", "{21C689D4-4D2A-4225-A890-09D5DA6C9D51}"
EndProject
Project("{FAE04EC0-301F-11D3-BF4B-00C04F79EFBC}") = "MiniTorrentClientTest", "MiniTorrentClientTest\MiniTorrentClientTest.csproj", "{EE3B124F-E3B4-4E46-B292-FD2FBF08BBDE}"
EndProject
Project("{FAE04EC0-301F-11D3-BF4B-00C04F79EFBC}") = "MiniTorrentServiceHost", "MiniTorrentServiceHost\MiniTorrentServiceHost.csproj", "{1935738E-0457-4BF3-9920-F40F302C846B}"
EndProject
Project("{FAE04EC0-301F-11D3-BF4B-00C04F79EFBC}") = "MiniTorrentDBService", "MiniTorrentDBService\MiniTorrentDBService.csproj", "{C2C221EE-DDF2-4890-A438-813F06A388C6}"
EndProject
Project("{FAE04EC0-301F-11D3-BF4B-00C04F79EFBC}") = "MiniTorrentDBServiceHost", "MiniTorrentDBServiceHost\MiniTorrentDBServiceHost.csproj", "{580C405C-AB6C-4778-9429-D6CE02A8892E}"
EndProject
Global
	GlobalSection(SolutionConfigurationPlatforms) = preSolution
		Debug|Any CPU = Debug|Any CPU
		Release|Any CPU = Release|Any CPU
	EndGlobalSection
	GlobalSection(ProjectConfigurationPlatforms) = postSolution
		{21C689D4-4D2A-4225-A890-09D5DA6C9D51}.Debug|Any CPU.ActiveCfg = Debug|Any CPU
		{21C689D4-4D2A-4225-A890-09D5DA6C9D51}.Debug|Any CPU.Build.0 = Debug|Any CPU
		{21C689D4-4D2A-4225-A890-09D5DA6C9D51}.Release|Any CPU.ActiveCfg = Release|Any CPU
		{21C689D4-4D2A-4225-A890-09D5DA6C9D51}.Release|Any CPU.Build.0 = Release|Any CPU
		{EE3B124F-E3B4-4E46-B292-FD2FBF08BBDE}.Debug|Any CPU.ActiveCfg = Debug|Any CPU
		{EE3B124F-E3B4-4E46-B292-FD2FBF08BBDE}.Debug|Any CPU.Build.0 = Debug|Any CPU
		{EE3B124F-E3B4-4E46-B292-FD2FBF08BBDE}.Release|Any CPU.ActiveCfg = Release|Any CPU
		{EE3B124F-E3B4-4E46-B292-FD2FBF08BBDE}.Release|Any CPU.Build.0 = Release|Any CPU
		{1935738E-0457-4BF3-9920-F40F302C846B}.Debug|Any CPU.ActiveCfg = Debug|Any CPU
		{1935738E-0457-4BF3-9920-F40F302C846B}.Debug|Any CPU.Build.0 = Debug|Any CPU
		{1935738E-0457-4BF3-9920-F40F302C846B}.Release|Any CPU.ActiveCfg = Release|Any CPU
		{1935738E-0457-4BF3-9920-F40F302C846B}.Release|Any CPU.Build.0 = Release|Any CPU
		{C2C221EE-DDF2-4890-A438-813F06A388C6}.Debug|Any CPU.ActiveCfg = Debug|Any CPU
		{C2C221EE-DDF2-4890-A438-813F06A388C6}.Debug|Any CPU.Build.0 = Debug|Any CPU
		{C2C221EE-DDF2-4890-A438-813F06A388C6}.Release|Any CPU.ActiveCfg = Release|Any CPU
		{C2C221EE-DDF2-4890-A438-813F06A388C6}.Release|Any CPU.Build.0 = Release|Any CPU
		{580C405C-AB6C-4778-9429-D6CE02A8892E}.Debug|Any CPU.ActiveCfg = Debug|Any CPU
		{580C405C-AB6C-4778-9429-D6CE02A8892E}.Debug|Any CPU.Build.0 = Debug|Any CPU
		{580C405C-AB6C-4778-9429-D6CE02A8892E}.Release|Any CPU.ActiveCfg = Release|Any CPU
		{580C405C-AB6C-4778-9429-D6CE02A8892E}.Release|Any CPU.Build.0 = Release|Any CPU
	EndGlobalSection
	GlobalSection(SolutionProperties) = preSolution
		HideSolutionNode = FALSE
	EndGlobalSection
EndGlobal
